
Microsoft Visual Studio Solution File, Format Version 12.00
# Visual Studio Version 17
VisualStudioVersion = 17.4.33403.182
MinimumVisualStudioVersion = 10.0.40219.1
Project("{FAE04EC0-301F-11D3-BF4B-00C04F79EFBC}") = "kursovaya", "kursovaya\kursovaya.csproj", "{FC53A9FB-C696-41BD-976F-0F0F4B341679}"
EndProject
Project("{FAE04EC0-301F-11D3-BF4B-00C04F79EFBC}") = "ClassLibrary", "..\ClassLibrary\ClassLibrary\ClassLibrary.csproj", "{08F75F4F-30A0-46C0-A5F6-81CDF0D6CC9D}"
EndProject
Global
	GlobalSection(SolutionConfigurationPlatforms) = preSolution
		Debug|Any CPU = Debug|Any CPU
		Release|Any CPU = Release|Any CPU
	EndGlobalSection
	GlobalSection(ProjectConfigurationPlatforms) = postSolution
		{FC53A9FB-C696-41BD-976F-0F0F4B341679}.Debug|Any CPU.ActiveCfg = Debug|Any CPU
		{FC53A9FB-C696-41BD-976F-0F0F4B341679}.Debug|Any CPU.Build.0 = Debug|Any CPU
		{FC53A9FB-C696-41BD-976F-0F0F4B341679}.Release|Any CPU.ActiveCfg = Release|Any CPU
		{FC53A9FB-C696-41BD-976F-0F0F4B341679}.Release|Any CPU.Build.0 = Release|Any CPU
		{08F75F4F-30A0-46C0-A5F6-81CDF0D6CC9D}.Debug|Any CPU.ActiveCfg = Debug|Any CPU
		{08F75F4F-30A0-46C0-A5F6-81CDF0D6CC9D}.Debug|Any CPU.Build.0 = Debug|Any CPU
		{08F75F4F-30A0-46C0-A5F6-81CDF0D6CC9D}.Release|Any CPU.ActiveCfg = Release|Any CPU
		{08F75F4F-30A0-46C0-A5F6-81CDF0D6CC9D}.Release|Any CPU.Build.0 = Release|Any CPU
	EndGlobalSection
	GlobalSection(SolutionProperties) = preSolution
		HideSolutionNode = FALSE
	EndGlobalSection
	GlobalSection(ExtensibilityGlobals) = postSolution
		SolutionGuid = {E88DA62B-7A15-4270-8C77-AF26A2A78764}
	EndGlobalSection
EndGlobal
